
Microsoft Visual Studio Solution File, Format Version 12.00
# Visual Studio 15
VisualStudioVersion = 15.0.28010.2050
MinimumVisualStudioVersion = 10.0.40219.1
Project("{FAE04EC0-301F-11D3-BF4B-00C04F79EFBC}") = "LgbtiLibrary.MVC", "LgbtiLibrary.MVC\LgbtiLibrary.MVC.csproj", "{C148E57D-8CF5-4979-B314-BA8D285930E9}"
EndProject
Project("{FAE04EC0-301F-11D3-BF4B-00C04F79EFBC}") = "LgbtiLibrary.MVC.Tests", "LgbtiLibrary.MVC.Tests\LgbtiLibrary.MVC.Tests.csproj", "{CA607D42-51A5-4D2F-BB66-A96F819EF360}"
EndProject
Project("{FAE04EC0-301F-11D3-BF4B-00C04F79EFBC}") = "LgbtiLibrary.Data", "LgbtiLibrary.Data\LgbtiLibrary.Data.csproj", "{8D1F39BF-71E3-4CD6-B177-7F14916264F1}"
EndProject
Project("{FAE04EC0-301F-11D3-BF4B-00C04F79EFBC}") = "LgbtiLibrary.Services", "LgbtiLibrary.Services\LgbtiLibrary.Services.csproj", "{808F90C7-BDAD-4575-96EB-F0A850B87A33}"
EndProject
Global
	GlobalSection(SolutionConfigurationPlatforms) = preSolution
		Debug|Any CPU = Debug|Any CPU
		Release|Any CPU = Release|Any CPU
	EndGlobalSection
	GlobalSection(ProjectConfigurationPlatforms) = postSolution
		{C148E57D-8CF5-4979-B314-BA8D285930E9}.Debug|Any CPU.ActiveCfg = Debug|Any CPU
		{C148E57D-8CF5-4979-B314-BA8D285930E9}.Debug|Any CPU.Build.0 = Debug|Any CPU
		{C148E57D-8CF5-4979-B314-BA8D285930E9}.Release|Any CPU.ActiveCfg = Release|Any CPU
		{C148E57D-8CF5-4979-B314-BA8D285930E9}.Release|Any CPU.Build.0 = Release|Any CPU
		{CA607D42-51A5-4D2F-BB66-A96F819EF360}.Debug|Any CPU.ActiveCfg = Debug|Any CPU
		{CA607D42-51A5-4D2F-BB66-A96F819EF360}.Debug|Any CPU.Build.0 = Debug|Any CPU
		{CA607D42-51A5-4D2F-BB66-A96F819EF360}.Release|Any CPU.ActiveCfg = Release|Any CPU
		{CA607D42-51A5-4D2F-BB66-A96F819EF360}.Release|Any CPU.Build.0 = Release|Any CPU
		{8D1F39BF-71E3-4CD6-B177-7F14916264F1}.Debug|Any CPU.ActiveCfg = Debug|Any CPU
		{8D1F39BF-71E3-4CD6-B177-7F14916264F1}.Debug|Any CPU.Build.0 = Debug|Any CPU
		{8D1F39BF-71E3-4CD6-B177-7F14916264F1}.Release|Any CPU.ActiveCfg = Release|Any CPU
		{8D1F39BF-71E3-4CD6-B177-7F14916264F1}.Release|Any CPU.Build.0 = Release|Any CPU
		{808F90C7-BDAD-4575-96EB-F0A850B87A33}.Debug|Any CPU.ActiveCfg = Debug|Any CPU
		{808F90C7-BDAD-4575-96EB-F0A850B87A33}.Debug|Any CPU.Build.0 = Debug|Any CPU
		{808F90C7-BDAD-4575-96EB-F0A850B87A33}.Release|Any CPU.ActiveCfg = Release|Any CPU
		{808F90C7-BDAD-4575-96EB-F0A850B87A33}.Release|Any CPU.Build.0 = Release|Any CPU
	EndGlobalSection
	GlobalSection(SolutionProperties) = preSolution
		HideSolutionNode = FALSE
	EndGlobalSection
	GlobalSection(ExtensibilityGlobals) = postSolution
		SolutionGuid = {77B1B42E-F4C9-4A0E-AB76-EED503624BB5}
	EndGlobalSection
EndGlobal
